<?xml version="1.0" encoding="utf-8"?>
<Project ToolsVersion="4.0" xmlns="http://schemas.microsoft.com/developer/msbuild/2003">
  <ItemGroup>
    <Filter Include="Resource">
      <UniqueIdentifier>{67DA6AB6-F800-4c08-8B7A-83BB121AAD01}</UniqueIdentifier>
      <Extensions>rc;ico;cur;bmp;dlg;rc2;rct;bin;rgs;gif;jpg;jpeg;jpe;resx;tiff;tif;png;wav;mfcribbon-ms</Extensions>
    </Filter>
    <Filter Include="Source">
      <UniqueIdentifier>{4FC737F1-C7A5-4376-A066-2A32D752A2FF}</UniqueIdentifier>
      <Extensions>cpp;c;cc;cxx;c++;cppm;ixx;def;odl;idl;hpj;bat;asm;asmx</Extensions>
    </Filter>
    <Filter Include="Source\Actor">
      <UniqueIdentifier>{583cb87c-123e-4556-b4b0-b72f2e6073aa}</UniqueIdentifier>
    </Filter>
    <Filter Include="Source\Component">
      <UniqueIdentifier>{d94e694b-8517-43a4-bc8d-537c67a5533f}</UniqueIdentifier>
    </Filter>
    <Filter Include="Source\D3D12">
      <UniqueIdentifier>{8281c580-fea7-430e-bb34-95c1de55806c}</UniqueIdentifier>
    </Filter>
    <Filter Include="Source\Engine">
      <UniqueIdentifier>{07700d17-05f9-4ca5-b53e-5d009ea67599}</UniqueIdentifier>
    </Filter>
    <Filter Include="Source\File">
      <UniqueIdentifier>{15a474a2-0132-4a81-8123-ab78d3f4299e}</UniqueIdentifier>
    </Filter>
    <Filter Include="Source\Material">
      <UniqueIdentifier>{5982a59a-7d78-40b1-aa66-1fd0c55c8b68}</UniqueIdentifier>
    </Filter>
    <Filter Include="Source\Math">
      <UniqueIdentifier>{ca7ac891-e6f4-4bac-87ff-1d9979ec02a4}</UniqueIdentifier>
    </Filter>
    <Filter Include="Source\Mesh">
      <UniqueIdentifier>{e09dce0e-01df-4f44-8c84-e84809ffefc5}</UniqueIdentifier>
    </Filter>
    <Filter Include="Source\Render">
      <UniqueIdentifier>{3bdcc2e8-501c-4b42-8729-904fa9d60f5b}</UniqueIdentifier>
    </Filter>
    <Filter Include="Source\Shader">
      <UniqueIdentifier>{fe6555f7-aa4f-4baf-8bfd-5a8d5ec92dec}</UniqueIdentifier>
    </Filter>
    <Filter Include="Source\Texture">
      <UniqueIdentifier>{d59be695-ecc4-4051-bb26-a74bef050e5e}</UniqueIdentifier>
    </Filter>
    <Filter Include="Source\TextureLoader">
      <UniqueIdentifier>{142533e6-e52f-4126-b9de-c8e797b14618}</UniqueIdentifier>
    </Filter>
    <Filter Include="Source\Utils">
      <UniqueIdentifier>{ed1e4da5-313e-489f-9728-7187aa03d6a1}</UniqueIdentifier>
    </Filter>
    <Filter Include="Source\World">
      <UniqueIdentifier>{b8860b86-a767-480e-b207-5d47d598aef0}</UniqueIdentifier>
    </Filter>
    <Filter Include="Source\Actor\Light">
      <UniqueIdentifier>{32e20267-1586-4a65-a4da-e7ca4015d4e5}</UniqueIdentifier>
    </Filter>
  </ItemGroup>
  <ItemGroup>
    <ClCompile Include="Source\Actor\Actor.cpp">
      <Filter>Source\Actor</Filter>
    </ClCompile>
    <ClCompile Include="Source\Actor\CameraActor.cpp">
      <Filter>Source\Actor</Filter>
    </ClCompile>
    <ClCompile Include="Source\Actor\SkyActor.cpp">
      <Filter>Source\Actor</Filter>
    </ClCompile>
    <ClCompile Include="Source\Actor\Light\AreaLightActor.cpp">
      <Filter>Source\Actor\Light</Filter>
    </ClCompile>
    <ClCompile Include="Source\Actor\Light\DirectionalLightActor.cpp">
      <Filter>Source\Actor\Light</Filter>
    </ClCompile>
    <ClCompile Include="Source\Actor\Light\LightActor.cpp">
      <Filter>Source\Actor\Light</Filter>
    </ClCompile>
    <ClCompile Include="Source\Actor\Light\PointLightActor.cpp">
      <Filter>Source\Actor\Light</Filter>
    </ClCompile>
    <ClCompile Include="Source\Actor\Light\SpotLightActor.cpp">
      <Filter>Source\Actor\Light</Filter>
    </ClCompile>
    <ClCompile Include="Source\Component\CameraComponent.cpp">
      <Filter>Source\Component</Filter>
    </ClCompile>
    <ClCompile Include="Source\Component\Component.cpp">
      <Filter>Source\Component</Filter>
    </ClCompile>
    <ClCompile Include="Source\Component\MeshComponent.cpp">
      <Filter>Source\Component</Filter>
    </ClCompile>
    <ClCompile Include="Source\D3D12\D3D12Buffer.cpp">
      <Filter>Source\D3D12</Filter>
    </ClCompile>
    <ClCompile Include="Source\D3D12\D3D12CommandContext.cpp">
      <Filter>Source\D3D12</Filter>
    </ClCompile>
    <ClCompile Include="Source\D3D12\D3D12DescriptorCache.cpp">
      <Filter>Source\D3D12</Filter>
    </ClCompile>
    <ClCompile Include="Source\D3D12\D3D12Device.cpp">
      <Filter>Source\D3D12</Filter>
    </ClCompile>
    <ClCompile Include="Source\D3D12\D3D12HeapSlotAllocator.cpp">
      <Filter>Source\D3D12</Filter>
    </ClCompile>
    <ClCompile Include="Source\D3D12\D3D12MemoryAllocator.cpp">
      <Filter>Source\D3D12</Filter>
    </ClCompile>
    <ClCompile Include="Source\D3D12\D3D12Resource.cpp">
      <Filter>Source\D3D12</Filter>
    </ClCompile>
    <ClCompile Include="Source\D3D12\D3D12RHI.cpp">
      <Filter>Source\D3D12</Filter>
    </ClCompile>
    <ClCompile Include="Source\D3D12\D3D12Texture.cpp">
      <Filter>Source\D3D12</Filter>
    </ClCompile>
    <ClCompile Include="Source\D3D12\D3D12Utils.cpp">
      <Filter>Source\D3D12</Filter>
    </ClCompile>
    <ClCompile Include="Source\D3D12\D3D12View.cpp">
      <Filter>Source\D3D12</Filter>
    </ClCompile>
    <ClCompile Include="Source\D3D12\D3D12Viewport.cpp">
      <Filter>Source\D3D12</Filter>
    </ClCompile>
    <ClCompile Include="Source\Engine\Engine.cpp">
      <Filter>Source\Engine</Filter>
    </ClCompile>
    <ClCompile Include="Source\Engine\GameTimer.cpp">
      <Filter>Source\Engine</Filter>
    </ClCompile>
    <ClCompile Include="Source\File\BinaryReader.cpp">
      <Filter>Source\File</Filter>
    </ClCompile>
    <ClCompile Include="Source\File\BinarySaver.cpp">
      <Filter>Source\File</Filter>
    </ClCompile>
    <ClCompile Include="Source\Material\Material.cpp">
      <Filter>Source\Material</Filter>
    </ClCompile>
    <ClCompile Include="Source\Material\MaterialInstance.cpp">
      <Filter>Source\Material</Filter>
    </ClCompile>
    <ClCompile Include="Source\Material\MaterialRepository.cpp">
      <Filter>Source\Material</Filter>
    </ClCompile>
    <ClCompile Include="Source\Math\Math.cpp">
      <Filter>Source\Math</Filter>
    </ClCompile>
    <ClCompile Include="Source\Math\Transform.cpp">
      <Filter>Source\Math</Filter>
    </ClCompile>
    <ClCompile Include="Source\Mesh\BoundingBox.cpp">
      <Filter>Source\Mesh</Filter>
    </ClCompile>
    <ClCompile Include="Source\Mesh\BVH.cpp">
      <Filter>Source\Mesh</Filter>
    </ClCompile>
    <ClCompile Include="Source\Mesh\Color.cpp">
      <Filter>Source\Mesh</Filter>
    </ClCompile>
    <ClCompile Include="Source\Mesh\FbxLoader.cpp">
      <Filter>Source\Mesh</Filter>
    </ClCompile>
    <ClCompile Include="Source\Mesh\KdTree.cpp">
      <Filter>Source\Mesh</Filter>
    </ClCompile>
    <ClCompile Include="Source\Mesh\Mesh.cpp">
      <Filter>Source\Mesh</Filter>
    </ClCompile>
    <ClCompile Include="Source\Mesh\MeshRepository.cpp">
      <Filter>Source\Mesh</Filter>
    </ClCompile>
    <ClCompile Include="Source\Mesh\Primitive.cpp">
      <Filter>Source\Mesh</Filter>
    </ClCompile>
    <ClCompile Include="Source\Mesh\Ray.cpp">
      <Filter>Source\Mesh</Filter>
    </ClCompile>
    <ClCompile Include="Source\Mesh\TextManager.cpp">
      <Filter>Source\Mesh</Filter>
    </ClCompile>
    <ClCompile Include="Source\Mesh\Vertex.cpp">
      <Filter>Source\Mesh</Filter>
    </ClCompile>
    <ClCompile Include="Source\World\World.cpp">
      <Filter>Source\World</Filter>
    </ClCompile>
    <ClCompile Include="Source\TextureLoader\DDSTextureLoader.cpp">
      <Filter>Source\TextureLoader</Filter>
    </ClCompile>
    <ClCompile Include="Source\TextureLoader\HDRTextureLoader.cpp">
      <Filter>Source\TextureLoader</Filter>
    </ClCompile>
    <ClCompile Include="Source\TextureLoader\WICTextureLoader.cpp">
      <Filter>Source\TextureLoader</Filter>
    </ClCompile>
    <ClCompile Include="Source\Texture\Texture.cpp">
      <Filter>Source\Texture</Filter>
    </ClCompile>
    <ClCompile Include="Source\Texture\TextureRepository.cpp">
      <Filter>Source\Texture</Filter>
    </ClCompile>
    <ClCompile Include="Source\Shader\Shader.cpp">
      <Filter>Source\Shader</Filter>
    </ClCompile>
    <ClCompile Include="Source\Render\InputLayout.cpp">
      <Filter>Source\Render</Filter>
    </ClCompile>
    <ClCompile Include="Source\Render\PSO.cpp">
      <Filter>Source\Render</Filter>
    </ClCompile>
    <ClCompile Include="Source\Render\Render.cpp">
      <Filter>Source\Render</Filter>
    </ClCompile>
    <ClCompile Include="Source\Render\RenderTarget.cpp">
      <Filter>Source\Render</Filter>
    </ClCompile>
    <ClCompile Include="Source\Render\SceneCapture2D.cpp">
      <Filter>Source\Render</Filter>
    </ClCompile>
    <ClCompile Include="Source\Render\SceneCaptureCube.cpp">
      <Filter>Source\Render</Filter>
    </ClCompile>
    <ClCompile Include="Source\Render\ShadowMap.cpp">
      <Filter>Source\Render</Filter>
    </ClCompile>
    <ClCompile Include="Source\Render\SpriteFont.cpp">
      <Filter>Source\Render</Filter>
    </ClCompile>
    <ClCompile Include="Source\Actor\StaticMeshActor.cpp">
      <Filter>Source\Actor</Filter>
    </ClCompile>
  </ItemGroup>
  <ItemGroup>
    <ClInclude Include="Source\Actor\Actor.h">
      <Filter>Source\Actor</Filter>
    </ClInclude>
    <ClInclude Include="Source\Actor\CameraActor.h">
      <Filter>Source\Actor</Filter>
    </ClInclude>
    <ClInclude Include="Source\Actor\SkyActor.h">
      <Filter>Source\Actor</Filter>
    </ClInclude>
    <ClInclude Include="Source\Actor\Light\AreaLightActor.h">
      <Filter>Source\Actor\Light</Filter>
    </ClInclude>
    <ClInclude Include="Source\Actor\Light\DirectionalLightActor.h">
      <Filter>Source\Actor\Light</Filter>
    </ClInclude>
    <ClInclude Include="Source\Actor\Light\LightActor.h">
      <Filter>Source\Actor\Light</Filter>
    </ClInclude>
    <ClInclude Include="Source\Actor\Light\PointLightActor.h">
      <Filter>Source\Actor\Light</Filter>
    </ClInclude>
    <ClInclude Include="Source\Actor\Light\SpotLightActor.h">
      <Filter>Source\Actor\Light</Filter>
    </ClInclude>
    <ClInclude Include="Source\Component\CameraComponent.h">
      <Filter>Source\Component</Filter>
    </ClInclude>
    <ClInclude Include="Source\Component\Component.h">
      <Filter>Source\Component</Filter>
    </ClInclude>
    <ClInclude Include="Source\Component\MeshComponent.h">
      <Filter>Source\Component</Filter>
    </ClInclude>
    <ClInclude Include="Source\D3D12\D3D12Buffer.h">
      <Filter>Source\D3D12</Filter>
    </ClInclude>
    <ClInclude Include="Source\D3D12\D3D12CommandContext.h">
      <Filter>Source\D3D12</Filter>
    </ClInclude>
    <ClInclude Include="Source\D3D12\D3D12DescriptorCache.h">
      <Filter>Source\D3D12</Filter>
    </ClInclude>
    <ClInclude Include="Source\D3D12\D3D12Device.h">
      <Filter>Source\D3D12</Filter>
    </ClInclude>
    <ClInclude Include="Source\D3D12\D3D12HeapSlotAllocator.h">
      <Filter>Source\D3D12</Filter>
    </ClInclude>
    <ClInclude Include="Source\D3D12\D3D12MemoryAllocator.h">
      <Filter>Source\D3D12</Filter>
    </ClInclude>
    <ClInclude Include="Source\D3D12\D3D12Resource.h">
      <Filter>Source\D3D12</Filter>
    </ClInclude>
    <ClInclude Include="Source\D3D12\D3D12RHI.h">
      <Filter>Source\D3D12</Filter>
    </ClInclude>
    <ClInclude Include="Source\D3D12\D3D12Texture.h">
      <Filter>Source\D3D12</Filter>
    </ClInclude>
    <ClInclude Include="Source\D3D12\D3D12Utils.h">
      <Filter>Source\D3D12</Filter>
    </ClInclude>
    <ClInclude Include="Source\D3D12\D3D12View.h">
      <Filter>Source\D3D12</Filter>
    </ClInclude>
    <ClInclude Include="Source\D3D12\D3D12Viewport.h">
      <Filter>Source\D3D12</Filter>
    </ClInclude>
    <ClInclude Include="Source\D3D12\d3dx12.h">
      <Filter>Source\D3D12</Filter>
    </ClInclude>
    <ClInclude Include="Source\Engine\Engine.h">
      <Filter>Source\Engine</Filter>
    </ClInclude>
    <ClInclude Include="Source\Engine\GameTimer.h">
      <Filter>Source\Engine</Filter>
    </ClInclude>
    <ClInclude Include="Source\File\BinaryReader.h">
      <Filter>Source\File</Filter>
    </ClInclude>
    <ClInclude Include="Source\File\BinarySaver.h">
      <Filter>Source\File</Filter>
    </ClInclude>
    <ClInclude Include="Source\File\FileHelpers.h">
      <Filter>Source\File</Filter>
    </ClInclude>
    <ClInclude Include="Source\File\PlatformHelpers.h">
      <Filter>Source\File</Filter>
    </ClInclude>
    <ClInclude Include="Source\Material\Material.h">
      <Filter>Source\Material</Filter>
    </ClInclude>
    <ClInclude Include="Source\Material\MaterialInstance.h">
      <Filter>Source\Material</Filter>
    </ClInclude>
    <ClInclude Include="Source\Material\MaterialRepository.h">
      <Filter>Source\Material</Filter>
    </ClInclude>
    <ClInclude Include="Source\Math\IntPoint.h">
      <Filter>Source\Math</Filter>
    </ClInclude>
    <ClInclude Include="Source\Math\Math.h">
      <Filter>Source\Math</Filter>
    </ClInclude>
    <ClInclude Include="Source\Math\Matrix.h">
      <Filter>Source\Math</Filter>
    </ClInclude>
    <ClInclude Include="Source\Math\Transform.h">
      <Filter>Source\Math</Filter>
    </ClInclude>
    <ClInclude Include="Source\Math\Vector2.h">
      <Filter>Source\Math</Filter>
    </ClInclude>
    <ClInclude Include="Source\Math\Vector3.h">
      <Filter>Source\Math</Filter>
    </ClInclude>
    <ClInclude Include="Source\Math\Vector4.h">
      <Filter>Source\Math</Filter>
    </ClInclude>
    <ClInclude Include="Source\Mesh\BoundingBox.h">
      <Filter>Source\Mesh</Filter>
    </ClInclude>
    <ClInclude Include="Source\Mesh\BVH.h">
      <Filter>Source\Mesh</Filter>
    </ClInclude>
    <ClInclude Include="Source\Mesh\Color.h">
      <Filter>Source\Mesh</Filter>
    </ClInclude>
    <ClInclude Include="Source\Mesh\FbxLoader.h">
      <Filter>Source\Mesh</Filter>
    </ClInclude>
    <ClInclude Include="Source\Mesh\KdTree.h">
      <Filter>Source\Mesh</Filter>
    </ClInclude>
    <ClInclude Include="Source\Mesh\Mesh.h">
      <Filter>Source\Mesh</Filter>
    </ClInclude>
    <ClInclude Include="Source\Mesh\MeshRepository.h">
      <Filter>Source\Mesh</Filter>
    </ClInclude>
    <ClInclude Include="Source\Mesh\Primitive.h">
      <Filter>Source\Mesh</Filter>
    </ClInclude>
    <ClInclude Include="Source\Mesh\Ray.h">
      <Filter>Source\Mesh</Filter>
    </ClInclude>
    <ClInclude Include="Source\Mesh\Sprite.h">
      <Filter>Source\Mesh</Filter>
    </ClInclude>
    <ClInclude Include="Source\Mesh\Text.h">
      <Filter>Source\Mesh</Filter>
    </ClInclude>
    <ClInclude Include="Source\Mesh\TextManager.h">
      <Filter>Source\Mesh</Filter>
    </ClInclude>
    <ClInclude Include="Source\Mesh\Vertex.h">
      <Filter>Source\Mesh</Filter>
    </ClInclude>
    <ClInclude Include="Source\World\World.h">
      <Filter>Source\World</Filter>
    </ClInclude>
    <ClInclude Include="Source\Utils\FormatConvert.h">
      <Filter>Source\Utils</Filter>
    </ClInclude>
    <ClInclude Include="Source\Utils\Logger.h">
      <Filter>Source\Utils</Filter>
    </ClInclude>
    <ClInclude Include="Source\TextureLoader\DDS.h">
      <Filter>Source\TextureLoader</Filter>
    </ClInclude>
    <ClInclude Include="Source\TextureLoader\DDSTextureLoader.h">
      <Filter>Source\TextureLoader</Filter>
    </ClInclude>
    <ClInclude Include="Source\TextureLoader\HDRTextureLoader.h">
      <Filter>Source\TextureLoader</Filter>
    </ClInclude>
    <ClInclude Include="Source\TextureLoader\LoaderHelpers.h">
      <Filter>Source\TextureLoader</Filter>
    </ClInclude>
    <ClInclude Include="Source\TextureLoader\stb_image.h">
      <Filter>Source\TextureLoader</Filter>
    </ClInclude>
    <ClInclude Include="Source\TextureLoader\WICTextureLoader.h">
      <Filter>Source\TextureLoader</Filter>
    </ClInclude>
    <ClInclude Include="Source\Texture\Texture.h">
      <Filter>Source\Texture</Filter>
    </ClInclude>
    <ClInclude Include="Source\Texture\TextureInfo.h">
      <Filter>Source\Texture</Filter>
    </ClInclude>
    <ClInclude Include="Source\Texture\TextureRepository.h">
      <Filter>Source\Texture</Filter>
    </ClInclude>
    <ClInclude Include="Source\Shader\Shader.h">
      <Filter>Source\Shader</Filter>
    </ClInclude>
    <ClInclude Include="Source\Render\InputLayout.h">
      <Filter>Source\Render</Filter>
    </ClInclude>
    <ClInclude Include="Source\Render\MeshBatch.h">
      <Filter>Source\Render</Filter>
    </ClInclude>
    <ClInclude Include="Source\Render\PrimitiveBatch.h">
      <Filter>Source\Render</Filter>
    </ClInclude>
    <ClInclude Include="Source\Render\PSO.h">
      <Filter>Source\Render</Filter>
    </ClInclude>
    <ClInclude Include="Source\Render\Render.h">
      <Filter>Source\Render</Filter>
    </ClInclude>
    <ClInclude Include="Source\Render\RenderProxy.h">
      <Filter>Source\Render</Filter>
    </ClInclude>
    <ClInclude Include="Source\Render\RenderTarget.h">
      <Filter>Source\Render</Filter>
    </ClInclude>
    <ClInclude Include="Source\Render\Sampler.h">
      <Filter>Source\Render</Filter>
    </ClInclude>
    <ClInclude Include="Source\Render\SceneCapture2D.h">
      <Filter>Source\Render</Filter>
    </ClInclude>
    <ClInclude Include="Source\Render\SceneCaptureCube.h">
      <Filter>Source\Render</Filter>
    </ClInclude>
    <ClInclude Include="Source\Render\SceneView.h">
      <Filter>Source\Render</Filter>
    </ClInclude>
    <ClInclude Include="Source\Render\ShadowMap.h">
      <Filter>Source\Render</Filter>
    </ClInclude>
    <ClInclude Include="Source\Render\SpriteBatch.h">
      <Filter>Source\Render</Filter>
    </ClInclude>
    <ClInclude Include="Source\Render\SpriteFont.h">
      <Filter>Source\Render</Filter>
    </ClInclude>
    <ClInclude Include="resource.h" />
    <ClInclude Include="Source\Actor\StaticMeshActor.h">
      <Filter>Source\Actor</Filter>
    </ClInclude>
  </ItemGroup>
  <ItemGroup>
    <ResourceCompile Include="Engine.rc">
      <Filter>Resource</Filter>
    </ResourceCompile>
  </ItemGroup>
  <ItemGroup>
    <Image Include="Icon.ico">
      <Filter>Resource</Filter>
    </Image>
  </ItemGroup>
</Project>